// !$*UTF8*$!
{
	archiveVersion = 1;
	classes = {
	};
	objectVersion = 56;
	objects = {

/* Begin PBXBuildFile section */
		399C4B9C29E43F34006442B5 /* Onboarding_ScreenApp.swift in Sources */ = {isa = PBXBuildFile; fileRef = 399C4B9B29E43F34006442B5 /* Onboarding_ScreenApp.swift */; };
		399C4B9E29E43F34006442B5 /* ContentView.swift in Sources */ = {isa = PBXBuildFile; fileRef = 399C4B9D29E43F34006442B5 /* ContentView.swift */; };
		399C4BA029E43F45006442B5 /* Assets.xcassets in Resources */ = {isa = PBXBuildFile; fileRef = 399C4B9F29E43F45006442B5 /* Assets.xcassets */; };
		399C4BA329E43F45006442B5 /* Preview Assets.xcassets in Resources */ = {isa = PBXBuildFile; fileRef = 399C4BA229E43F45006442B5 /* Preview Assets.xcassets */; };
		399C4BAD29E43F47006442B5 /* Onboarding_ScreenTests.swift in Sources */ = {isa = PBXBuildFile; fileRef = 399C4BAC29E43F47006442B5 /* Onboarding_ScreenTests.swift */; };
		399C4BB729E43F47006442B5 /* Onboarding_ScreenUITests.swift in Sources */ = {isa = PBXBuildFile; fileRef = 399C4BB629E43F47006442B5 /* Onboarding_ScreenUITests.swift */; };
		399C4BB929E43F47006442B5 /* Onboarding_ScreenUITestsLaunchTests.swift in Sources */ = {isa = PBXBuildFile; fileRef = 399C4BB829E43F47006442B5 /* Onboarding_ScreenUITestsLaunchTests.swift */; };
		399C4BC629E44168006442B5 /* extensions.swift in Sources */ = {isa = PBXBuildFile; fileRef = 399C4BC529E44168006442B5 /* extensions.swift */; };
		399C4BC829E45020006442B5 /* Onboard.swift in Sources */ = {isa = PBXBuildFile; fileRef = 399C4BC729E45020006442B5 /* Onboard.swift */; };
/* End PBXBuildFile section */

/* Begin PBXContainerItemProxy section */
		399C4BA929E43F47006442B5 /* PBXContainerItemProxy */ = {
			isa = PBXContainerItemProxy;
			containerPortal = 399C4B9029E43F33006442B5 /* Project object */;
			proxyType = 1;
			remoteGlobalIDString = 399C4B9729E43F33006442B5;
			remoteInfo = "Onboarding Screen";
		};
		399C4BB329E43F47006442B5 /* PBXContainerItemProxy */ = {
			isa = PBXContainerItemProxy;
			containerPortal = 399C4B9029E43F33006442B5 /* Project object */;
			proxyType = 1;
			remoteGlobalIDString = 399C4B9729E43F33006442B5;
			remoteInfo = "Onboarding Screen";
		};
/* End PBXContainerItemProxy section */

/* Begin PBXFileReference section */
		399C4B9829E43F33006442B5 /* Onboarding Screen.app */ = {isa = PBXFileReference; explicitFileType = wrapper.application; includeInIndex = 0; path = "Onboarding Screen.app"; sourceTree = BUILT_PRODUCTS_DIR; };
		399C4B9B29E43F34006442B5 /* Onboarding_ScreenApp.swift */ = {isa = PBXFileReference; lastKnownFileType = sourcecode.swift; path = Onboarding_ScreenApp.swift; sourceTree = "<group>"; };
		399C4B9D29E43F34006442B5 /* ContentView.swift */ = {isa = PBXFileReference; lastKnownFileType = sourcecode.swift; path = ContentView.swift; sourceTree = "<group>"; };
		399C4B9F29E43F45006442B5 /* Assets.xcassets */ = {isa = PBXFileReference; lastKnownFileType = folder.assetcatalog; path = Assets.xcassets; sourceTree = "<group>"; };
		399C4BA229E43F45006442B5 /* Preview Assets.xcassets */ = {isa = PBXFileReference; lastKnownFileType = folder.assetcatalog; path = "Preview Assets.xcassets"; sourceTree = "<group>"; };
		399C4BA829E43F47006442B5 /* Onboarding ScreenTests.xctest */ = {isa = PBXFileReference; explicitFileType = wrapper.cfbundle; includeInIndex = 0; path = "Onboarding ScreenTests.xctest"; sourceTree = BUILT_PRODUCTS_DIR; };
		399C4BAC29E43F47006442B5 /* Onboarding_ScreenTests.swift */ = {isa = PBXFileReference; lastKnownFileType = sourcecode.swift; path = Onboarding_ScreenTests.swift; sourceTree = "<group>"; };
		399C4BB229E43F47006442B5 /* Onboarding ScreenUITests.xctest */ = {isa = PBXFileReference; explicitFileType = wrapper.cfbundle; includeInIndex = 0; path = "Onboarding ScreenUITests.xctest"; sourceTree = BUILT_PRODUCTS_DIR; };
		399C4BB629E43F47006442B5 /* Onboarding_ScreenUITests.swift */ = {isa = PBXFileReference; lastKnownFileType = sourcecode.swift; path = Onboarding_ScreenUITests.swift; sourceTree = "<group>"; };
		399C4BB829E43F47006442B5 /* Onboarding_ScreenUITestsLaunchTests.swift */ = {isa = PBXFileReference; lastKnownFileType = sourcecode.swift; path = Onboarding_ScreenUITestsLaunchTests.swift; sourceTree = "<group>"; };
		399C4BC529E44168006442B5 /* extensions.swift */ = {isa = PBXFileReference; lastKnownFileType = sourcecode.swift; path = extensions.swift; sourceTree = "<group>"; };
		399C4BC729E45020006442B5 /* Onboard.swift */ = {isa = PBXFileReference; lastKnownFileType = sourcecode.swift; path = Onboard.swift; sourceTree = "<group>"; };
/* End PBXFileReference section */

/* Begin PBXFrameworksBuildPhase section */
		399C4B9529E43F33006442B5 /* Frameworks */ = {
			isa = PBXFrameworksBuildPhase;
			buildActionMask = 2147483647;
			files = (
			);
			runOnlyForDeploymentPostprocessing = 0;
		};
		399C4BA529E43F47006442B5 /* Frameworks */ = {
			isa = PBXFrameworksBuildPhase;
			buildActionMask = 2147483647;
			files = (
			);
			runOnlyForDeploymentPostprocessing = 0;
		};
		399C4BAF29E43F47006442B5 /* Frameworks */ = {
			isa = PBXFrameworksBuildPhase;
			buildActionMask = 2147483647;
			files = (
			);
			runOnlyForDeploymentPostprocessing = 0;
		};
/* End PBXFrameworksBuildPhase section */

/* Begin PBXGroup section */
		399C4B8F29E43F33006442B5 = {
			isa = PBXGroup;
			children = (
				399C4B9A29E43F33006442B5 /* Onboarding Screen */,
				399C4BAB29E43F47006442B5 /* Onboarding ScreenTests */,
				399C4BB529E43F47006442B5 /* Onboarding ScreenUITests */,
				399C4B9929E43F33006442B5 /* Products */,
			);
			sourceTree = "<group>";
		};
		399C4B9929E43F33006442B5 /* Products */ = {
			isa = PBXGroup;
			children = (
				399C4B9829E43F33006442B5 /* Onboarding Screen.app */,
				399C4BA829E43F47006442B5 /* Onboarding ScreenTests.xctest */,
				399C4BB229E43F47006442B5 /* Onboarding ScreenUITests.xctest */,
			);
			name = Products;
			sourceTree = "<group>";
		};
		399C4B9A29E43F33006442B5 /* Onboarding Screen */ = {
			isa = PBXGroup;
			children = (
				399C4B9B29E43F34006442B5 /* Onboarding_ScreenApp.swift */,
				399C4B9D29E43F34006442B5 /* ContentView.swift */,
				399C4B9F29E43F45006442B5 /* Assets.xcassets */,
				399C4BA129E43F45006442B5 /* Preview Content */,
				399C4BC729E45020006442B5 /* Onboard.swift */,
			);
			path = "Onboarding Screen";
			sourceTree = "<group>";
		};
		399C4BA129E43F45006442B5 /* Preview Content */ = {
			isa = PBXGroup;
			children = (
				399C4BA229E43F45006442B5 /* Preview Assets.xcassets */,
				399C4BC529E44168006442B5 /* extensions.swift */,
			);
			path = "Preview Content";
			sourceTree = "<group>";
		};
		399C4BAB29E43F47006442B5 /* Onboarding ScreenTests */ = {
			isa = PBXGroup;
			children = (
				399C4BAC29E43F47006442B5 /* Onboarding_ScreenTests.swift */,
			);
			path = "Onboarding ScreenTests";
			sourceTree = "<group>";
		};
		399C4BB529E43F47006442B5 /* Onboarding ScreenUITests */ = {
			isa = PBXGroup;
			children = (
				399C4BB629E43F47006442B5 /* Onboarding_ScreenUITests.swift */,
				399C4BB829E43F47006442B5 /* Onboarding_ScreenUITestsLaunchTests.swift */,
			);
			path = "Onboarding ScreenUITests";
			sourceTree = "<group>";
		};
/* End PBXGroup section */

/* Begin PBXNativeTarget section */
		399C4B9729E43F33006442B5 /* Onboarding Screen */ = {
			isa = PBXNativeTarget;
			buildConfigurationList = 399C4BBC29E43F47006442B5 /* Build configuration list for PBXNativeTarget "Onboarding Screen" */;
			buildPhases = (
				399C4B9429E43F33006442B5 /* Sources */,
				399C4B9529E43F33006442B5 /* Frameworks */,
				399C4B9629E43F33006442B5 /* Resources */,
			);
			buildRules = (
			);
			dependencies = (
			);
			name = "Onboarding Screen";
			productName = "Onboarding Screen";
			productReference = 399C4B9829E43F33006442B5 /* Onboarding Screen.app */;
			productType = "com.apple.product-type.application";
		};
		399C4BA729E43F47006442B5 /* Onboarding ScreenTests */ = {
			isa = PBXNativeTarget;
			buildConfigurationList = 399C4BBF29E43F47006442B5 /* Build configuration list for PBXNativeTarget "Onboarding ScreenTests" */;
			buildPhases = (
				399C4BA429E43F47006442B5 /* Sources */,
				399C4BA529E43F47006442B5 /* Frameworks */,
				399C4BA629E43F47006442B5 /* Resources */,
			);
			buildRules = (
			);
			dependencies = (
				399C4BAA29E43F47006442B5 /* PBXTargetDependency */,
			);
			name = "Onboarding ScreenTests";
			productName = "Onboarding ScreenTests";
			productReference = 399C4BA829E43F47006442B5 /* Onboarding ScreenTests.xctest */;
			productType = "com.apple.product-type.bundle.unit-test";
		};
		399C4BB129E43F47006442B5 /* Onboarding ScreenUITests */ = {
			isa = PBXNativeTarget;
			buildConfigurationList = 399C4BC229E43F47006442B5 /* Build configuration list for PBXNativeTarget "Onboarding ScreenUITests" */;
			buildPhases = (
				399C4BAE29E43F47006442B5 /* Sources */,
				399C4BAF29E43F47006442B5 /* Frameworks */,
				399C4BB029E43F47006442B5 /* Resources */,
			);
			buildRules = (
			);
			dependencies = (
				399C4BB429E43F47006442B5 /* PBXTargetDependency */,
			);
			name = "Onboarding ScreenUITests";
			productName = "Onboarding ScreenUITests";
			productReference = 399C4BB229E43F47006442B5 /* Onboarding ScreenUITests.xctest */;
			productType = "com.apple.product-type.bundle.ui-testing";
		};
/* End PBXNativeTarget section */

/* Begin PBXProject section */
		399C4B9029E43F33006442B5 /* Project object */ = {
			isa = PBXProject;
			attributes = {
				BuildIndependentTargetsInParallel = 1;
				LastSwiftUpdateCheck = 1420;
				LastUpgradeCheck = 1420;
				TargetAttributes = {
					399C4B9729E43F33006442B5 = {
						CreatedOnToolsVersion = 14.2;
					};
					399C4BA729E43F47006442B5 = {
						CreatedOnToolsVersion = 14.2;
						TestTargetID = 399C4B9729E43F33006442B5;
					};
					399C4BB129E43F47006442B5 = {
						CreatedOnToolsVersion = 14.2;
						TestTargetID = 399C4B9729E43F33006442B5;
					};
				};
			};
			buildConfigurationList = 399C4B9329E43F33006442B5 /* Build configuration list for PBXProject "Onboarding Screen" */;
			compatibilityVersion = "Xcode 14.0";
			developmentRegion = en;
			hasScannedForEncodings = 0;
			knownRegions = (
				en,
				Base,
			);
			mainGroup = 399C4B8F29E43F33006442B5;
			productRefGroup = 399C4B9929E43F33006442B5 /* Products */;
			projectDirPath = "";
			projectRoot = "";
			targets = (
				399C4B9729E43F33006442B5 /* Onboarding Screen */,
				399C4BA729E43F47006442B5 /* Onboarding ScreenTests */,
				399C4BB129E43F47006442B5 /* Onboarding ScreenUITests */,
			);
		};
/* End PBXProject section */

/* Begin PBXResourcesBuildPhase section */
		399C4B9629E43F33006442B5 /* Resources */ = {
			isa = PBXResourcesBuildPhase;
			buildActionMask = 2147483647;
			files = (
				399C4BA329E43F45006442B5 /* Preview Assets.xcassets in Resources */,
				399C4BA029E43F45006442B5 /* Assets.xcassets in Resources */,
			);
			runOnlyForDeploymentPostprocessing = 0;
		};
		399C4BA629E43F47006442B5 /* Resources */ = {
			isa = PBXResourcesBuildPhase;
			buildActionMask = 2147483647;
			files = (
			);
			runOnlyForDeploymentPostprocessing = 0;
		};
		399C4BB029E43F47006442B5 /* Resources */ = {
			isa = PBXResourcesBuildPhase;
			buildActionMask = 2147483647;
			files = (
			);
			runOnlyForDeploymentPostprocessing = 0;
		};
/* End PBXResourcesBuildPhase section */

/* Begin PBXSourcesBuildPhase section */
		399C4B9429E43F33006442B5 /* Sources */ = {
			isa = PBXSourcesBuildPhase;
			buildActionMask = 2147483647;
			files = (
				399C4B9E29E43F34006442B5 /* ContentView.swift in Sources */,
				399C4BC829E45020006442B5 /* Onboard.swift in Sources */,
				399C4B9C29E43F34006442B5 /* Onboarding_ScreenApp.swift in Sources */,
				399C4BC629E44168006442B5 /* extensions.swift in Sources */,
			);
			runOnlyForDeploymentPostprocessing = 0;
		};
		399C4BA429E43F47006442B5 /* Sources */ = {
			isa = PBXSourcesBuildPhase;
			buildActionMask = 2147483647;
			files = (
				399C4BAD29E43F47006442B5 /* Onboarding_ScreenTests.swift in Sources */,
			);
			runOnlyForDeploymentPostprocessing = 0;
		};
		399C4BAE29E43F47006442B5 /* Sources */ = {
			isa = PBXSourcesBuildPhase;
			buildActionMask = 2147483647;
			files = (
				399C4BB729E43F47006442B5 /* Onboarding_ScreenUITests.swift in Sources */,
				399C4BB929E43F47006442B5 /* Onboarding_ScreenUITestsLaunchTests.swift in Sources */,
			);
			runOnlyForDeploymentPostprocessing = 0;
		};
/* End PBXSourcesBuildPhase section */

/* Begin PBXTargetDependency section */
		399C4BAA29E43F47006442B5 /* PBXTargetDependency */ = {
			isa = PBXTargetDependency;
			target = 399C4B9729E43F33006442B5 /* Onboarding Screen */;
			targetProxy = 399C4BA929E43F47006442B5 /* PBXContainerItemProxy */;
		};
		399C4BB429E43F47006442B5 /* PBXTargetDependency */ = {
			isa = PBXTargetDependency;
			target = 399C4B9729E43F33006442B5 /* Onboarding Screen */;
			targetProxy = 399C4BB329E43F47006442B5 /* PBXContainerItemProxy */;
		};
/* End PBXTargetDependency section */

/* Begin XCBuildConfiguration section */
		399C4BBA29E43F47006442B5 /* Debug */ = {
			isa = XCBuildConfiguration;
			buildSettings = {
				ALWAYS_SEARCH_USER_PATHS = NO;
				CLANG_ANALYZER_NONNULL = YES;
				CLANG_ANALYZER_NUMBER_OBJECT_CONVERSION = YES_AGGRESSIVE;
				CLANG_CXX_LANGUAGE_STANDARD = "gnu++20";
				CLANG_ENABLE_MODULES = YES;
				CLANG_ENABLE_OBJC_ARC = YES;
				CLANG_ENABLE_OBJC_WEAK = YES;
				CLANG_WARN_BLOCK_CAPTURE_AUTORELEASING = YES;
				CLANG_WARN_BOOL_CONVERSION = YES;
				CLANG_WARN_COMMA = YES;
				CLANG_WARN_CONSTANT_CONVERSION = YES;
				CLANG_WARN_DEPRECATED_OBJC_IMPLEMENTATIONS = YES;
				CLANG_WARN_DIRECT_OBJC_ISA_USAGE = YES_ERROR;
				CLANG_WARN_DOCUMENTATION_COMMENTS = YES;
				CLANG_WARN_EMPTY_BODY = YES;
				CLANG_WARN_ENUM_CONVERSION = YES;
				CLANG_WARN_INFINITE_RECURSION = YES;
				CLANG_WARN_INT_CONVERSION = YES;
				CLANG_WARN_NON_LITERAL_NULL_CONVERSION = YES;
				CLANG_WARN_OBJC_IMPLICIT_RETAIN_SELF = YES;
				CLANG_WARN_OBJC_LITERAL_CONVERSION = YES;
				CLANG_WARN_OBJC_ROOT_CLASS = YES_ERROR;
				CLANG_WARN_QUOTED_INCLUDE_IN_FRAMEWORK_HEADER = YES;
				CLANG_WARN_RANGE_LOOP_ANALYSIS = YES;
				CLANG_WARN_STRICT_PROTOTYPES = YES;
				CLANG_WARN_SUSPICIOUS_MOVE = YES;
				CLANG_WARN_UNGUARDED_AVAILABILITY = YES_AGGRESSIVE;
				CLANG_WARN_UNREACHABLE_CODE = YES;
				CLANG_WARN__DUPLICATE_METHOD_MATCH = YES;
				COPY_PHASE_STRIP = NO;
				DEBUG_INFORMATION_FORMAT = dwarf;
				ENABLE_STRICT_OBJC_MSGSEND = YES;
				ENABLE_TESTABILITY = YES;
				GCC_C_LANGUAGE_STANDARD = gnu11;
				GCC_DYNAMIC_NO_PIC = NO;
				GCC_NO_COMMON_BLOCKS = YES;
				GCC_OPTIMIZATION_LEVEL = 0;
				GCC_PREPROCESSOR_DEFINITIONS = (
					"DEBUG=1",
					"$(inherited)",
				);
				GCC_WARN_64_TO_32_BIT_CONVERSION = YES;
				GCC_WARN_ABOUT_RETURN_TYPE = YES_ERROR;
				GCC_WARN_UNDECLARED_SELECTOR = YES;
				GCC_WARN_UNINITIALIZED_AUTOS = YES_AGGRESSIVE;
				GCC_WARN_UNUSED_FUNCTION = YES;
				GCC_WARN_UNUSED_VARIABLE = YES;
				IPHONEOS_DEPLOYMENT_TARGET = 16.2;
				MTL_ENABLE_DEBUG_INFO = INCLUDE_SOURCE;
				MTL_FAST_MATH = YES;
				ONLY_ACTIVE_ARCH = YES;
				SDKROOT = iphoneos;
				SWIFT_ACTIVE_COMPILATION_CONDITIONS = DEBUG;
				SWIFT_OPTIMIZATION_LEVEL = "-Onone";
			};
			name = Debug;
		};
		399C4BBB29E43F47006442B5 /* Release */ = {
			isa = XCBuildConfiguration;
			buildSettings = {
				ALWAYS_SEARCH_USER_PATHS = NO;
				CLANG_ANALYZER_NONNULL = YES;
				CLANG_ANALYZER_NUMBER_OBJECT_CONVERSION = YES_AGGRESSIVE;
				CLANG_CXX_LANGUAGE_STANDARD = "gnu++20";
				CLANG_ENABLE_MODULES = YES;
				CLANG_ENABLE_OBJC_ARC = YES;
				CLANG_ENABLE_OBJC_WEAK = YES;
				CLANG_WARN_BLOCK_CAPTURE_AUTORELEASING = YES;
				CLANG_WARN_BOOL_CONVERSION = YES;
				CLANG_WARN_COMMA = YES;
				CLANG_WARN_CONSTANT_CONVERSION = YES;
				CLANG_WARN_DEPRECATED_OBJC_IMPLEMENTATIONS = YES;
				CLANG_WARN_DIRECT_OBJC_ISA_USAGE = YES_ERROR;
				CLANG_WARN_DOCUMENTATION_COMMENTS = YES;
				CLANG_WARN_EMPTY_BODY = YES;
				CLANG_WARN_ENUM_CONVERSION = YES;
				CLANG_WARN_INFINITE_RECURSION = YES;
				CLANG_WARN_INT_CONVERSION = YES;
				CLANG_WARN_NON_LITERAL_NULL_CONVERSION = YES;
				CLANG_WARN_OBJC_IMPLICIT_RETAIN_SELF = YES;
				CLANG_WARN_OBJC_LITERAL_CONVERSION = YES;
				CLANG_WARN_OBJC_ROOT_CLASS = YES_ERROR;
				CLANG_WARN_QUOTED_INCLUDE_IN_FRAMEWORK_HEADER = YES;
				CLANG_WARN_RANGE_LOOP_ANALYSIS = YES;
				CLANG_WARN_STRICT_PROTOTYPES = YES;
				CLANG_WARN_SUSPICIOUS_MOVE = YES;
				CLANG_WARN_UNGUARDED_AVAILABILITY = YES_AGGRESSIVE;
				CLANG_WARN_UNREACHABLE_CODE = YES;
				CLANG_WARN__DUPLICATE_METHOD_MATCH = YES;
				COPY_PHASE_STRIP = NO;
				DEBUG_INFORMATION_FORMAT = "dwarf-with-dsym";
				ENABLE_NS_ASSERTIONS = NO;
				ENABLE_STRICT_OBJC_MSGSEND = YES;
				GCC_C_LANGUAGE_STANDARD = gnu11;
				GCC_NO_COMMON_BLOCKS = YES;
				GCC_WARN_64_TO_32_BIT_CONVERSION = YES;
				GCC_WARN_ABOUT_RETURN_TYPE = YES_ERROR;
				GCC_WARN_UNDECLARED_SELECTOR = YES;
				GCC_WARN_UNINITIALIZED_AUTOS = YES_AGGRESSIVE;
				GCC_WARN_UNUSED_FUNCTION = YES;
				GCC_WARN_UNUSED_VARIABLE = YES;
				IPHONEOS_DEPLOYMENT_TARGET = 16.2;
				MTL_ENABLE_DEBUG_INFO = NO;
				MTL_FAST_MATH = YES;
				SDKROOT = iphoneos;
				SWIFT_COMPILATION_MODE = wholemodule;
				SWIFT_OPTIMIZATION_LEVEL = "-O";
				VALIDATE_PRODUCT = YES;
			};
			name = Release;
		};
		399C4BBD29E43F47006442B5 /* Debug */ = {
			isa = XCBuildConfiguration;
			buildSettings = {
				ASSETCATALOG_COMPILER_APPICON_NAME = AppIcon;
				ASSETCATALOG_COMPILER_GLOBAL_ACCENT_COLOR_NAME = AccentColor;
				CODE_SIGN_STYLE = Automatic;
				CURRENT_PROJECT_VERSION = 1;
				DEVELOPMENT_ASSET_PATHS = "\"Onboarding Screen/Preview Content\"";
				DEVELOPMENT_TEAM = 3N2647N98U;
				ENABLE_PREVIEWS = YES;
				GENERATE_INFOPLIST_FILE = YES;
				INFOPLIST_KEY_UIApplicationSceneManifest_Generation = YES;
				INFOPLIST_KEY_UIApplicationSupportsIndirectInputEvents = YES;
				INFOPLIST_KEY_UILaunchScreen_Generation = YES;
				INFOPLIST_KEY_UISupportedInterfaceOrientations_iPad = "UIInterfaceOrientationPortrait UIInterfaceOrientationPortraitUpsideDown UIInterfaceOrientationLandscapeLeft UIInterfaceOrientationLandscapeRight";
				INFOPLIST_KEY_UISupportedInterfaceOrientations_iPhone = "UIInterfaceOrientationPortrait UIInterfaceOrientationLandscapeLeft UIInterfaceOrientationLandscapeRight";
				LD_RUNPATH_SEARCH_PATHS = (
					"$(inherited)",
					"@executable_path/Frameworks",
				);
				MARKETING_VERSION = 1.0;
				PRODUCT_BUNDLE_IDENTIFIER = "Mina.Onboarding-Screen";
				PRODUCT_NAME = "$(TARGET_NAME)";
				SWIFT_EMIT_LOC_STRINGS = YES;
				SWIFT_VERSION = 5.0;
				TARGETED_DEVICE_FAMILY = "1,2";
			};
			name = Debug;
		};
		399C4BBE29E43F47006442B5 /* Release */ = {
			isa = XCBuildConfiguration;
			buildSettings = {
				ASSETCATALOG_COMPILER_APPICON_NAME = AppIcon;
				ASSETCATALOG_COMPILER_GLOBAL_ACCENT_COLOR_NAME = AccentColor;
				CODE_SIGN_STYLE = Automatic;
				CURRENT_PROJECT_VERSION = 1;
				DEVELOPMENT_ASSET_PATHS = "\"Onboarding Screen/Preview Content\"";
				DEVELOPMENT_TEAM = 3N2647N98U;
				ENABLE_PREVIEWS = YES;
				GENERATE_INFOPLIST_FILE = YES;
				INFOPLIST_KEY_UIApplicationSceneManifest_Generation = YES;
				INFOPLIST_KEY_UIApplicationSupportsIndirectInputEvents = YES;
				INFOPLIST_KEY_UILaunchScreen_Generation = YES;
				INFOPLIST_KEY_UISupportedInterfaceOrientations_iPad = "UIInterfaceOrientationPortrait UIInterfaceOrientationPortraitUpsideDown UIInterfaceOrientationLandscapeLeft UIInterfaceOrientationLandscapeRight";
				INFOPLIST_KEY_UISupportedInterfaceOrientations_iPhone = "UIInterfaceOrientationPortrait UIInterfaceOrientationLandscapeLeft UIInterfaceOrientationLandscapeRight";
				LD_RUNPATH_SEARCH_PATHS = (
					"$(inherited)",
					"@executable_path/Frameworks",
				);
				MARKETING_VERSION = 1.0;
				PRODUCT_BUNDLE_IDENTIFIER = "Mina.Onboarding-Screen";
				PRODUCT_NAME = "$(TARGET_NAME)";
				SWIFT_EMIT_LOC_STRINGS = YES;
				SWIFT_VERSION = 5.0;
				TARGETED_DEVICE_FAMILY = "1,2";
			};
			name = Release;
		};
		399C4BC029E43F47006442B5 /* Debug */ = {
			isa = XCBuildConfiguration;
			buildSettings = {
				ALWAYS_EMBED_SWIFT_STANDARD_LIBRARIES = YES;
				BUNDLE_LOADER = "$(TEST_HOST)";
				CODE_SIGN_STYLE = Automatic;
				CURRENT_PROJECT_VERSION = 1;
				DEVELOPMENT_TEAM = 3N2647N98U;
				GENERATE_INFOPLIST_FILE = YES;
				IPHONEOS_DEPLOYMENT_TARGET = 16.2;
				MARKETING_VERSION = 1.0;
				PRODUCT_BUNDLE_IDENTIFIER = "Mina.Onboarding-ScreenTests";
				PRODUCT_NAME = "$(TARGET_NAME)";
				SWIFT_EMIT_LOC_STRINGS = NO;
				SWIFT_VERSION = 5.0;
				TARGETED_DEVICE_FAMILY = "1,2";
				TEST_HOST = "$(BUILT_PRODUCTS_DIR)/Onboarding Screen.app/$(BUNDLE_EXECUTABLE_FOLDER_PATH)/Onboarding Screen";
			};
			name = Debug;
		};
		399C4BC129E43F47006442B5 /* Release */ = {
			isa = XCBuildConfiguration;
			buildSettings = {
				ALWAYS_EMBED_SWIFT_STANDARD_LIBRARIES = YES;
				BUNDLE_LOADER = "$(TEST_HOST)";
				CODE_SIGN_STYLE = Automatic;
				CURRENT_PROJECT_VERSION = 1;
				DEVELOPMENT_TEAM = 3N2647N98U;
				GENERATE_INFOPLIST_FILE = YES;
				IPHONEOS_DEPLOYMENT_TARGET = 16.2;
				MARKETING_VERSION = 1.0;
				PRODUCT_BUNDLE_IDENTIFIER = "Mina.Onboarding-ScreenTests";
				PRODUCT_NAME = "$(TARGET_NAME)";
				SWIFT_EMIT_LOC_STRINGS = NO;
				SWIFT_VERSION = 5.0;
				TARGETED_DEVICE_FAMILY = "1,2";
				TEST_HOST = "$(BUILT_PRODUCTS_DIR)/Onboarding Screen.app/$(BUNDLE_EXECUTABLE_FOLDER_PATH)/Onboarding Screen";
			};
			name = Release;
		};
		399C4BC329E43F47006442B5 /* Debug */ = {
			isa = XCBuildConfiguration;
			buildSettings = {
				ALWAYS_EMBED_SWIFT_STANDARD_LIBRARIES = YES;
				CODE_SIGN_STYLE = Automatic;
				CURRENT_PROJECT_VERSION = 1;
				DEVELOPMENT_TEAM = 3N2647N98U;
				GENERATE_INFOPLIST_FILE = YES;
				MARKETING_VERSION = 1.0;
				PRODUCT_BUNDLE_IDENTIFIER = "Mina.Onboarding-ScreenUITests";
				PRODUCT_NAME = "$(TARGET_NAME)";
				SWIFT_EMIT_LOC_STRINGS = NO;
				SWIFT_VERSION = 5.0;
				TARGETED_DEVICE_FAMILY = "1,2";
				TEST_TARGET_NAME = "Onboarding Screen";
			};
			name = Debug;
		};
		399C4BC429E43F47006442B5 /* Release */ = {
			isa = XCBuildConfiguration;
			buildSettings = {
				ALWAYS_EMBED_SWIFT_STANDARD_LIBRARIES = YES;
				CODE_SIGN_STYLE = Automatic;
				CURRENT_PROJECT_VERSION = 1;
				DEVELOPMENT_TEAM = 3N2647N98U;
				GENERATE_INFOPLIST_FILE = YES;
				MARKETING_VERSION = 1.0;
				PRODUCT_BUNDLE_IDENTIFIER = "Mina.Onboarding-ScreenUITests";
				PRODUCT_NAME = "$(TARGET_NAME)";
				SWIFT_EMIT_LOC_STRINGS = NO;
				SWIFT_VERSION = 5.0;
				TARGETED_DEVICE_FAMILY = "1,2";
				TEST_TARGET_NAME = "Onboarding Screen";
			};
			name = Release;
		};
/* End XCBuildConfiguration section */

/* Begin XCConfigurationList section */
		399C4B9329E43F33006442B5 /* Build configuration list for PBXProject "Onboarding Screen" */ = {
			isa = XCConfigurationList;
			buildConfigurations = (
				399C4BBA29E43F47006442B5 /* Debug */,
				399C4BBB29E43F47006442B5 /* Release */,
			);
			defaultConfigurationIsVisible = 0;
			defaultConfigurationName = Release;
		};
		399C4BBC29E43F47006442B5 /* Build configuration list for PBXNativeTarget "Onboarding Screen" */ = {
			isa = XCConfigurationList;
			buildConfigurations = (
				399C4BBD29E43F47006442B5 /* Debug */,
				399C4BBE29E43F47006442B5 /* Release */,
			);
			defaultConfigurationIsVisible = 0;
			defaultConfigurationName = Release;
		};
		399C4BBF29E43F47006442B5 /* Build configuration list for PBXNativeTarget "Onboarding ScreenTests" */ = {
			isa = XCConfigurationList;
			buildConfigurations = (
				399C4BC029E43F47006442B5 /* Debug */,
				399C4BC129E43F47006442B5 /* Release */,
			);
			defaultConfigurationIsVisible = 0;
			defaultConfigurationName = Release;
		};
		399C4BC229E43F47006442B5 /* Build configuration list for PBXNativeTarget "Onboarding ScreenUITests" */ = {
			isa = XCConfigurationList;
			buildConfigurations = (
				399C4BC329E43F47006442B5 /* Debug */,
				399C4BC429E43F47006442B5 /* Release */,
			);
			defaultConfigurationIsVisible = 0;
			defaultConfigurationName = Release;
		};
/* End XCConfigurationList section */
	};
	rootObject = 399C4B9029E43F33006442B5 /* Project object */;
}
